
Microsoft Visual Studio Solution File, Format Version 12.00
# Visual Studio Version 17
VisualStudioVersion = 17.7.34221.43
MinimumVisualStudioVersion = 10.0.40219.1
Project("{2150E333-8FDC-42A3-9474-1A3956D46DE8}") = "src", "src", "{95D8FD13-5B3C-4BAA-8364-1CAD8B55037D}"
EndProject
Project("{9A19103F-16F7-4668-BE54-9A1E7A4F7556}") = "Domain", "src\Domain\Domain.csproj", "{602E985F-6311-4364-9562-43B8EF0BF26C}"
EndProject
Project("{9A19103F-16F7-4668-BE54-9A1E7A4F7556}") = "Application", "src\Application\Application.csproj", "{12A379ED-B6E8-4933-8FCD-A213BF247E3D}"
EndProject
Project("{9A19103F-16F7-4668-BE54-9A1E7A4F7556}") = "Infraestructure", "src\Infraestructure\Infraestructure.csproj", "{7FDA7A40-F678-4B7B-850C-DD5A839B96E2}"
EndProject
Project("{9A19103F-16F7-4668-BE54-9A1E7A4F7556}") = "WebAPI", "src\WebAPI\WebAPI.csproj", "{BC6B7D15-65C7-46D2-AF47-4F4CFC7BBA1E}"
EndProject
Global
	GlobalSection(SolutionConfigurationPlatforms) = preSolution
		Debug|Any CPU = Debug|Any CPU
		Release|Any CPU = Release|Any CPU
	EndGlobalSection
	GlobalSection(ProjectConfigurationPlatforms) = postSolution
		{602E985F-6311-4364-9562-43B8EF0BF26C}.Debug|Any CPU.ActiveCfg = Debug|Any CPU
		{602E985F-6311-4364-9562-43B8EF0BF26C}.Debug|Any CPU.Build.0 = Debug|Any CPU
		{602E985F-6311-4364-9562-43B8EF0BF26C}.Release|Any CPU.ActiveCfg = Release|Any CPU
		{602E985F-6311-4364-9562-43B8EF0BF26C}.Release|Any CPU.Build.0 = Release|Any CPU
		{12A379ED-B6E8-4933-8FCD-A213BF247E3D}.Debug|Any CPU.ActiveCfg = Debug|Any CPU
		{12A379ED-B6E8-4933-8FCD-A213BF247E3D}.Debug|Any CPU.Build.0 = Debug|Any CPU
		{12A379ED-B6E8-4933-8FCD-A213BF247E3D}.Release|Any CPU.ActiveCfg = Release|Any CPU
		{12A379ED-B6E8-4933-8FCD-A213BF247E3D}.Release|Any CPU.Build.0 = Release|Any CPU
		{7FDA7A40-F678-4B7B-850C-DD5A839B96E2}.Debug|Any CPU.ActiveCfg = Debug|Any CPU
		{7FDA7A40-F678-4B7B-850C-DD5A839B96E2}.Debug|Any CPU.Build.0 = Debug|Any CPU
		{7FDA7A40-F678-4B7B-850C-DD5A839B96E2}.Release|Any CPU.ActiveCfg = Release|Any CPU
		{7FDA7A40-F678-4B7B-850C-DD5A839B96E2}.Release|Any CPU.Build.0 = Release|Any CPU
		{BC6B7D15-65C7-46D2-AF47-4F4CFC7BBA1E}.Debug|Any CPU.ActiveCfg = Debug|Any CPU
		{BC6B7D15-65C7-46D2-AF47-4F4CFC7BBA1E}.Debug|Any CPU.Build.0 = Debug|Any CPU
		{BC6B7D15-65C7-46D2-AF47-4F4CFC7BBA1E}.Release|Any CPU.ActiveCfg = Release|Any CPU
		{BC6B7D15-65C7-46D2-AF47-4F4CFC7BBA1E}.Release|Any CPU.Build.0 = Release|Any CPU
	EndGlobalSection
	GlobalSection(SolutionProperties) = preSolution
		HideSolutionNode = FALSE
	EndGlobalSection
	GlobalSection(NestedProjects) = preSolution
		{602E985F-6311-4364-9562-43B8EF0BF26C} = {95D8FD13-5B3C-4BAA-8364-1CAD8B55037D}
		{12A379ED-B6E8-4933-8FCD-A213BF247E3D} = {95D8FD13-5B3C-4BAA-8364-1CAD8B55037D}
		{7FDA7A40-F678-4B7B-850C-DD5A839B96E2} = {95D8FD13-5B3C-4BAA-8364-1CAD8B55037D}
		{BC6B7D15-65C7-46D2-AF47-4F4CFC7BBA1E} = {95D8FD13-5B3C-4BAA-8364-1CAD8B55037D}
	EndGlobalSection
	GlobalSection(ExtensibilityGlobals) = postSolution
		SolutionGuid = {287B0F3C-BADB-4459-A55C-B8F96901402D}
	EndGlobalSection
EndGlobal
